{
  "name": "site-fourth-earth",
  "version": "0.1.0",
  "lockfileVersion": 2,
  "requires": true,
  "packages": {
    "": {
      "name": "site-fourth-earth",
      "version": "0.1.0",
      "license": "MIT",
      "dependencies": {
        "simpledotcss": "^2.1.0"
      },
      "devDependencies": {}
    },
    "node_modules/simpledotcss": {
      "version": "2.1.0",
      "resolved": "https://registry.npmjs.org/simpledotcss/-/simpledotcss-2.1.0.tgz",
      "integrity": "sha512-REL4HZBg85Tywxw5AeTAF6/7iJYso6cW8kuu+bRg1gOSoE+TbwzOb7kWUhgVc+36iVI2fNlyX4BrUvUlIDjhZA=="
    }
  },
  "dependencies": {
    "simpledotcss": {
      "version": "2.1.0",
      "resolved": "https://registry.npmjs.org/simpledotcss/-/simpledotcss-2.1.0.tgz",
      "integrity": "sha512-REL4HZBg85Tywxw5AeTAF6/7iJYso6cW8kuu+bRg1gOSoE+TbwzOb7kWUhgVc+36iVI2fNlyX4BrUvUlIDjhZA=="
    }
  }
}
